
Microsoft Visual Studio Solution File, Format Version 12.00
# Visual Studio Version 16
VisualStudioVersion = 16.0.28803.202
MinimumVisualStudioVersion = 10.0.40219.1
Project("{FAE04EC0-301F-11D3-BF4B-00C04F79EFBC}") = "Semana7PU", "Semana7PU\Semana7PU.csproj", "{A11B23A4-CAF9-40C2-9F21-62C55A7898EA}"
EndProject
Project("{FAE04EC0-301F-11D3-BF4B-00C04F79EFBC}") = "Semana7Test", "Semana7Test\Semana7Test.csproj", "{265490D2-381D-4D4E-88B4-9B451B0ABDAA}"
EndProject
Global
	GlobalSection(SolutionConfigurationPlatforms) = preSolution
		Debug|Any CPU = Debug|Any CPU
		Release|Any CPU = Release|Any CPU
	EndGlobalSection
	GlobalSection(ProjectConfigurationPlatforms) = postSolution
		{A11B23A4-CAF9-40C2-9F21-62C55A7898EA}.Debug|Any CPU.ActiveCfg = Debug|Any CPU
		{A11B23A4-CAF9-40C2-9F21-62C55A7898EA}.Debug|Any CPU.Build.0 = Debug|Any CPU
		{A11B23A4-CAF9-40C2-9F21-62C55A7898EA}.Release|Any CPU.ActiveCfg = Release|Any CPU
		{A11B23A4-CAF9-40C2-9F21-62C55A7898EA}.Release|Any CPU.Build.0 = Release|Any CPU
		{265490D2-381D-4D4E-88B4-9B451B0ABDAA}.Debug|Any CPU.ActiveCfg = Debug|Any CPU
		{265490D2-381D-4D4E-88B4-9B451B0ABDAA}.Debug|Any CPU.Build.0 = Debug|Any CPU
		{265490D2-381D-4D4E-88B4-9B451B0ABDAA}.Release|Any CPU.ActiveCfg = Release|Any CPU
		{265490D2-381D-4D4E-88B4-9B451B0ABDAA}.Release|Any CPU.Build.0 = Release|Any CPU
	EndGlobalSection
	GlobalSection(SolutionProperties) = preSolution
		HideSolutionNode = FALSE
	EndGlobalSection
	GlobalSection(ExtensibilityGlobals) = postSolution
		SolutionGuid = {7BCABBC2-A871-4B42-B234-12CD585D3CBF}
	EndGlobalSection
EndGlobal
